// !$*UTF8*$!
{
	archiveVersion = 1;
	classes = {
	};
	objectVersion = 56;
	objects = {

/* Begin PBXBuildFile section */
		DE1905AD29FB303B0011D694 /* AppDelegate.swift in Sources */ = {isa = PBXBuildFile; fileRef = DE1905AC29FB303B0011D694 /* AppDelegate.swift */; };
		DE1905AF29FB303B0011D694 /* SceneDelegate.swift in Sources */ = {isa = PBXBuildFile; fileRef = DE1905AE29FB303B0011D694 /* SceneDelegate.swift */; };
		DE1905B129FB303B0011D694 /* ViewController.swift in Sources */ = {isa = PBXBuildFile; fileRef = DE1905B029FB303B0011D694 /* ViewController.swift */; };
		DE1905B629FB303D0011D694 /* Assets.xcassets in Resources */ = {isa = PBXBuildFile; fileRef = DE1905B529FB303D0011D694 /* Assets.xcassets */; };
		DE1905B929FB303D0011D694 /* LaunchScreen.storyboard in Resources */ = {isa = PBXBuildFile; fileRef = DE1905B729FB303D0011D694 /* LaunchScreen.storyboard */; };
		DE1905C229FB34420011D694 /* CheckUpdate.swift in Sources */ = {isa = PBXBuildFile; fileRef = DE1905C129FB34420011D694 /* CheckUpdate.swift */; };
/* End PBXBuildFile section */

/* Begin PBXFileReference section */
		DE1905A929FB303B0011D694 /* checkVersionApp.app */ = {isa = PBXFileReference; explicitFileType = wrapper.application; includeInIndex = 0; path = checkVersionApp.app; sourceTree = BUILT_PRODUCTS_DIR; };
		DE1905AC29FB303B0011D694 /* AppDelegate.swift */ = {isa = PBXFileReference; lastKnownFileType = sourcecode.swift; path = AppDelegate.swift; sourceTree = "<group>"; };
		DE1905AE29FB303B0011D694 /* SceneDelegate.swift */ = {isa = PBXFileReference; lastKnownFileType = sourcecode.swift; path = SceneDelegate.swift; sourceTree = "<group>"; };
		DE1905B029FB303B0011D694 /* ViewController.swift */ = {isa = PBXFileReference; lastKnownFileType = sourcecode.swift; path = ViewController.swift; sourceTree = "<group>"; };
		DE1905B529FB303D0011D694 /* Assets.xcassets */ = {isa = PBXFileReference; lastKnownFileType = folder.assetcatalog; path = Assets.xcassets; sourceTree = "<group>"; };
		DE1905B829FB303D0011D694 /* Base */ = {isa = PBXFileReference; lastKnownFileType = file.storyboard; name = Base; path = Base.lproj/LaunchScreen.storyboard; sourceTree = "<group>"; };
		DE1905BA29FB303D0011D694 /* Info.plist */ = {isa = PBXFileReference; lastKnownFileType = text.plist.xml; path = Info.plist; sourceTree = "<group>"; };
		DE1905C129FB34420011D694 /* CheckUpdate.swift */ = {isa = PBXFileReference; lastKnownFileType = sourcecode.swift; path = CheckUpdate.swift; sourceTree = "<group>"; };
/* End PBXFileReference section */

/* Begin PBXFrameworksBuildPhase section */
		DE1905A629FB303B0011D694 /* Frameworks */ = {
			isa = PBXFrameworksBuildPhase;
			buildActionMask = 2147483647;
			files = (
			);
			runOnlyForDeploymentPostprocessing = 0;
		};
/* End PBXFrameworksBuildPhase section */

/* Begin PBXGroup section */
		DE1905A029FB303B0011D694 = {
			isa = PBXGroup;
			children = (
				DE1905AB29FB303B0011D694 /* checkVersionApp */,
				DE1905AA29FB303B0011D694 /* Products */,
			);
			sourceTree = "<group>";
		};
		DE1905AA29FB303B0011D694 /* Products */ = {
			isa = PBXGroup;
			children = (
				DE1905A929FB303B0011D694 /* checkVersionApp.app */,
			);
			name = Products;
			sourceTree = "<group>";
		};
		DE1905AB29FB303B0011D694 /* checkVersionApp */ = {
			isa = PBXGroup;
			children = (
				DEFDC00C29FBE8BD00EA5DED /* Plist */,
				DEFDC00B29FBE8B000EA5DED /* Launch */,
				DEFDC00A29FBE87200EA5DED /* Resources */,
				DEFDC00829FBE84000EA5DED /* Delegates */,
				DE1905C029FB341E0011D694 /* Check Version */,
				DEFDC00929FBE85C00EA5DED /* View */,
			);
			path = checkVersionApp;
			sourceTree = "<group>";
		};
		DE1905C029FB341E0011D694 /* Check Version */ = {
			isa = PBXGroup;
			children = (
				DE1905C129FB34420011D694 /* CheckUpdate.swift */,
			);
			path = "Check Version";
			sourceTree = "<group>";
		};
		DEFDC00829FBE84000EA5DED /* Delegates */ = {
			isa = PBXGroup;
			children = (
				DE1905AC29FB303B0011D694 /* AppDelegate.swift */,
				DE1905AE29FB303B0011D694 /* SceneDelegate.swift */,
			);
			path = Delegates;
			sourceTree = "<group>";
		};
		DEFDC00929FBE85C00EA5DED /* View */ = {
			isa = PBXGroup;
			children = (
				DE1905B029FB303B0011D694 /* ViewController.swift */,
			);
			path = View;
			sourceTree = "<group>";
		};
		DEFDC00A29FBE87200EA5DED /* Resources */ = {
			isa = PBXGroup;
			children = (
				DE1905B529FB303D0011D694 /* Assets.xcassets */,
			);
			path = Resources;
			sourceTree = "<group>";
		};
		DEFDC00B29FBE8B000EA5DED /* Launch */ = {
			isa = PBXGroup;
			children = (
				DE1905B729FB303D0011D694 /* LaunchScreen.storyboard */,
			);
			path = Launch;
			sourceTree = "<group>";
		};
		DEFDC00C29FBE8BD00EA5DED /* Plist */ = {
			isa = PBXGroup;
			children = (
				DE1905BA29FB303D0011D694 /* Info.plist */,
			);
			path = Plist;
			sourceTree = "<group>";
		};
/* End PBXGroup section */

/* Begin PBXNativeTarget section */
		DE1905A829FB303B0011D694 /* checkVersionApp */ = {
			isa = PBXNativeTarget;
			buildConfigurationList = DE1905BD29FB303D0011D694 /* Build configuration list for PBXNativeTarget "checkVersionApp" */;
			buildPhases = (
				DE1905A529FB303B0011D694 /* Sources */,
				DE1905A629FB303B0011D694 /* Frameworks */,
				DE1905A729FB303B0011D694 /* Resources */,
			);
			buildRules = (
			);
			dependencies = (
			);
			name = checkVersionApp;
			productName = checkVersionApp;
			productReference = DE1905A929FB303B0011D694 /* checkVersionApp.app */;
			productType = "com.apple.product-type.application";
		};
/* End PBXNativeTarget section */

/* Begin PBXProject section */
		DE1905A129FB303B0011D694 /* Project object */ = {
			isa = PBXProject;
			attributes = {
				BuildIndependentTargetsInParallel = 1;
				LastSwiftUpdateCheck = 1430;
				LastUpgradeCheck = 1430;
				TargetAttributes = {
					DE1905A829FB303B0011D694 = {
						CreatedOnToolsVersion = 14.3;
					};
				};
			};
			buildConfigurationList = DE1905A429FB303B0011D694 /* Build configuration list for PBXProject "checkVersionApp" */;
			compatibilityVersion = "Xcode 14.0";
			developmentRegion = en;
			hasScannedForEncodings = 0;
			knownRegions = (
				en,
				Base,
			);
			mainGroup = DE1905A029FB303B0011D694;
			productRefGroup = DE1905AA29FB303B0011D694 /* Products */;
			projectDirPath = "";
			projectRoot = "";
			targets = (
				DE1905A829FB303B0011D694 /* checkVersionApp */,
			);
		};
/* End PBXProject section */

/* Begin PBXResourcesBuildPhase section */
		DE1905A729FB303B0011D694 /* Resources */ = {
			isa = PBXResourcesBuildPhase;
			buildActionMask = 2147483647;
			files = (
				DE1905B929FB303D0011D694 /* LaunchScreen.storyboard in Resources */,
				DE1905B629FB303D0011D694 /* Assets.xcassets in Resources */,
			);
			runOnlyForDeploymentPostprocessing = 0;
		};
/* End PBXResourcesBuildPhase section */

/* Begin PBXSourcesBuildPhase section */
		DE1905A529FB303B0011D694 /* Sources */ = {
			isa = PBXSourcesBuildPhase;
			buildActionMask = 2147483647;
			files = (
				DE1905B129FB303B0011D694 /* ViewController.swift in Sources */,
				DE1905C229FB34420011D694 /* CheckUpdate.swift in Sources */,
				DE1905AD29FB303B0011D694 /* AppDelegate.swift in Sources */,
				DE1905AF29FB303B0011D694 /* SceneDelegate.swift in Sources */,
			);
			runOnlyForDeploymentPostprocessing = 0;
		};
/* End PBXSourcesBuildPhase section */

/* Begin PBXVariantGroup section */
		DE1905B729FB303D0011D694 /* LaunchScreen.storyboard */ = {
			isa = PBXVariantGroup;
			children = (
				DE1905B829FB303D0011D694 /* Base */,
			);
			name = LaunchScreen.storyboard;
			sourceTree = "<group>";
		};
/* End PBXVariantGroup section */

/* Begin XCBuildConfiguration section */
		DE1905BB29FB303D0011D694 /* Debug */ = {
			isa = XCBuildConfiguration;
			buildSettings = {
				ALWAYS_SEARCH_USER_PATHS = NO;
				CLANG_ANALYZER_NONNULL = YES;
				CLANG_ANALYZER_NUMBER_OBJECT_CONVERSION = YES_AGGRESSIVE;
				CLANG_CXX_LANGUAGE_STANDARD = "gnu++20";
				CLANG_ENABLE_MODULES = YES;
				CLANG_ENABLE_OBJC_ARC = YES;
				CLANG_ENABLE_OBJC_WEAK = YES;
				CLANG_WARN_BLOCK_CAPTURE_AUTORELEASING = YES;
				CLANG_WARN_BOOL_CONVERSION = YES;
				CLANG_WARN_COMMA = YES;
				CLANG_WARN_CONSTANT_CONVERSION = YES;
				CLANG_WARN_DEPRECATED_OBJC_IMPLEMENTATIONS = YES;
				CLANG_WARN_DIRECT_OBJC_ISA_USAGE = YES_ERROR;
				CLANG_WARN_DOCUMENTATION_COMMENTS = YES;
				CLANG_WARN_EMPTY_BODY = YES;
				CLANG_WARN_ENUM_CONVERSION = YES;
				CLANG_WARN_INFINITE_RECURSION = YES;
				CLANG_WARN_INT_CONVERSION = YES;
				CLANG_WARN_NON_LITERAL_NULL_CONVERSION = YES;
				CLANG_WARN_OBJC_IMPLICIT_RETAIN_SELF = YES;
				CLANG_WARN_OBJC_LITERAL_CONVERSION = YES;
				CLANG_WARN_OBJC_ROOT_CLASS = YES_ERROR;
				CLANG_WARN_QUOTED_INCLUDE_IN_FRAMEWORK_HEADER = YES;
				CLANG_WARN_RANGE_LOOP_ANALYSIS = YES;
				CLANG_WARN_STRICT_PROTOTYPES = YES;
				CLANG_WARN_SUSPICIOUS_MOVE = YES;
				CLANG_WARN_UNGUARDED_AVAILABILITY = YES_AGGRESSIVE;
				CLANG_WARN_UNREACHABLE_CODE = YES;
				CLANG_WARN__DUPLICATE_METHOD_MATCH = YES;
				COPY_PHASE_STRIP = NO;
				DEBUG_INFORMATION_FORMAT = dwarf;
				ENABLE_STRICT_OBJC_MSGSEND = YES;
				ENABLE_TESTABILITY = YES;
				GCC_C_LANGUAGE_STANDARD = gnu11;
				GCC_DYNAMIC_NO_PIC = NO;
				GCC_NO_COMMON_BLOCKS = YES;
				GCC_OPTIMIZATION_LEVEL = 0;
				GCC_PREPROCESSOR_DEFINITIONS = (
					"DEBUG=1",
					"$(inherited)",
				);
				GCC_WARN_64_TO_32_BIT_CONVERSION = YES;
				GCC_WARN_ABOUT_RETURN_TYPE = YES_ERROR;
				GCC_WARN_UNDECLARED_SELECTOR = YES;
				GCC_WARN_UNINITIALIZED_AUTOS = YES_AGGRESSIVE;
				GCC_WARN_UNUSED_FUNCTION = YES;
				GCC_WARN_UNUSED_VARIABLE = YES;
				IPHONEOS_DEPLOYMENT_TARGET = 16.4;
				MTL_ENABLE_DEBUG_INFO = INCLUDE_SOURCE;
				MTL_FAST_MATH = YES;
				ONLY_ACTIVE_ARCH = YES;
				SDKROOT = iphoneos;
				SWIFT_ACTIVE_COMPILATION_CONDITIONS = DEBUG;
				SWIFT_OPTIMIZATION_LEVEL = "-Onone";
			};
			name = Debug;
		};
		DE1905BC29FB303D0011D694 /* Release */ = {
			isa = XCBuildConfiguration;
			buildSettings = {
				ALWAYS_SEARCH_USER_PATHS = NO;
				CLANG_ANALYZER_NONNULL = YES;
				CLANG_ANALYZER_NUMBER_OBJECT_CONVERSION = YES_AGGRESSIVE;
				CLANG_CXX_LANGUAGE_STANDARD = "gnu++20";
				CLANG_ENABLE_MODULES = YES;
				CLANG_ENABLE_OBJC_ARC = YES;
				CLANG_ENABLE_OBJC_WEAK = YES;
				CLANG_WARN_BLOCK_CAPTURE_AUTORELEASING = YES;
				CLANG_WARN_BOOL_CONVERSION = YES;
				CLANG_WARN_COMMA = YES;
				CLANG_WARN_CONSTANT_CONVERSION = YES;
				CLANG_WARN_DEPRECATED_OBJC_IMPLEMENTATIONS = YES;
				CLANG_WARN_DIRECT_OBJC_ISA_USAGE = YES_ERROR;
				CLANG_WARN_DOCUMENTATION_COMMENTS = YES;
				CLANG_WARN_EMPTY_BODY = YES;
				CLANG_WARN_ENUM_CONVERSION = YES;
				CLANG_WARN_INFINITE_RECURSION = YES;
				CLANG_WARN_INT_CONVERSION = YES;
				CLANG_WARN_NON_LITERAL_NULL_CONVERSION = YES;
				CLANG_WARN_OBJC_IMPLICIT_RETAIN_SELF = YES;
				CLANG_WARN_OBJC_LITERAL_CONVERSION = YES;
				CLANG_WARN_OBJC_ROOT_CLASS = YES_ERROR;
				CLANG_WARN_QUOTED_INCLUDE_IN_FRAMEWORK_HEADER = YES;
				CLANG_WARN_RANGE_LOOP_ANALYSIS = YES;
				CLANG_WARN_STRICT_PROTOTYPES = YES;
				CLANG_WARN_SUSPICIOUS_MOVE = YES;
				CLANG_WARN_UNGUARDED_AVAILABILITY = YES_AGGRESSIVE;
				CLANG_WARN_UNREACHABLE_CODE = YES;
				CLANG_WARN__DUPLICATE_METHOD_MATCH = YES;
				COPY_PHASE_STRIP = NO;
				DEBUG_INFORMATION_FORMAT = "dwarf-with-dsym";
				ENABLE_NS_ASSERTIONS = NO;
				ENABLE_STRICT_OBJC_MSGSEND = YES;
				GCC_C_LANGUAGE_STANDARD = gnu11;
				GCC_NO_COMMON_BLOCKS = YES;
				GCC_WARN_64_TO_32_BIT_CONVERSION = YES;
				GCC_WARN_ABOUT_RETURN_TYPE = YES_ERROR;
				GCC_WARN_UNDECLARED_SELECTOR = YES;
				GCC_WARN_UNINITIALIZED_AUTOS = YES_AGGRESSIVE;
				GCC_WARN_UNUSED_FUNCTION = YES;
				GCC_WARN_UNUSED_VARIABLE = YES;
				IPHONEOS_DEPLOYMENT_TARGET = 16.4;
				MTL_ENABLE_DEBUG_INFO = NO;
				MTL_FAST_MATH = YES;
				SDKROOT = iphoneos;
				SWIFT_COMPILATION_MODE = wholemodule;
				SWIFT_OPTIMIZATION_LEVEL = "-O";
				VALIDATE_PRODUCT = YES;
			};
			name = Release;
		};
		DE1905BE29FB303D0011D694 /* Debug */ = {
			isa = XCBuildConfiguration;
			buildSettings = {
				ASSETCATALOG_COMPILER_APPICON_NAME = AppIcon;
				ASSETCATALOG_COMPILER_GLOBAL_ACCENT_COLOR_NAME = AccentColor;
				CODE_SIGN_STYLE = Automatic;
				CURRENT_PROJECT_VERSION = 1;
				DEVELOPMENT_TEAM = K6X2T8VLH6;
				GENERATE_INFOPLIST_FILE = YES;
				INFOPLIST_FILE = checkVersionApp/Plist/Info.plist;
				INFOPLIST_KEY_UIApplicationSupportsIndirectInputEvents = YES;
				INFOPLIST_KEY_UILaunchStoryboardName = LaunchScreen.storyboard;
				INFOPLIST_KEY_UIStatusBarStyle = "";
				INFOPLIST_KEY_UISupportedInterfaceOrientations_iPad = "UIInterfaceOrientationPortrait UIInterfaceOrientationPortraitUpsideDown UIInterfaceOrientationLandscapeLeft UIInterfaceOrientationLandscapeRight";
				INFOPLIST_KEY_UISupportedInterfaceOrientations_iPhone = "UIInterfaceOrientationPortrait UIInterfaceOrientationLandscapeLeft UIInterfaceOrientationLandscapeRight";
				IPHONEOS_DEPLOYMENT_TARGET = 14.0;
				LD_RUNPATH_SEARCH_PATHS = (
					"$(inherited)",
					"@executable_path/Frameworks",
				);
				MARKETING_VERSION = 1.0;
				PRODUCT_BUNDLE_IDENTIFIER = com.acarolsf.apps.checkVersionApp;
				PRODUCT_NAME = "$(TARGET_NAME)";
				SWIFT_EMIT_LOC_STRINGS = YES;
				SWIFT_VERSION = 5.0;
				TARGETED_DEVICE_FAMILY = "1,2";
			};
			name = Debug;
		};
		DE1905BF29FB303D0011D694 /* Release */ = {
			isa = XCBuildConfiguration;
			buildSettings = {
				ASSETCATALOG_COMPILER_APPICON_NAME = AppIcon;
				ASSETCATALOG_COMPILER_GLOBAL_ACCENT_COLOR_NAME = AccentColor;
				CODE_SIGN_STYLE = Automatic;
				CURRENT_PROJECT_VERSION = 1;
				DEVELOPMENT_TEAM = K6X2T8VLH6;
				GENERATE_INFOPLIST_FILE = YES;
				INFOPLIST_FILE = checkVersionApp/Plist/Info.plist;
				INFOPLIST_KEY_UIApplicationSupportsIndirectInputEvents = YES;
				INFOPLIST_KEY_UILaunchStoryboardName = LaunchScreen.storyboard;
				INFOPLIST_KEY_UIStatusBarStyle = "";
				INFOPLIST_KEY_UISupportedInterfaceOrientations_iPad = "UIInterfaceOrientationPortrait UIInterfaceOrientationPortraitUpsideDown UIInterfaceOrientationLandscapeLeft UIInterfaceOrientationLandscapeRight";
				INFOPLIST_KEY_UISupportedInterfaceOrientations_iPhone = "UIInterfaceOrientationPortrait UIInterfaceOrientationLandscapeLeft UIInterfaceOrientationLandscapeRight";
				IPHONEOS_DEPLOYMENT_TARGET = 14.0;
				LD_RUNPATH_SEARCH_PATHS = (
					"$(inherited)",
					"@executable_path/Frameworks",
				);
				MARKETING_VERSION = 1.0;
				PRODUCT_BUNDLE_IDENTIFIER = com.acarolsf.apps.checkVersionApp;
				PRODUCT_NAME = "$(TARGET_NAME)";
				SWIFT_EMIT_LOC_STRINGS = YES;
				SWIFT_VERSION = 5.0;
				TARGETED_DEVICE_FAMILY = "1,2";
			};
			name = Release;
		};
/* End XCBuildConfiguration section */

/* Begin XCConfigurationList section */
		DE1905A429FB303B0011D694 /* Build configuration list for PBXProject "checkVersionApp" */ = {
			isa = XCConfigurationList;
			buildConfigurations = (
				DE1905BB29FB303D0011D694 /* Debug */,
				DE1905BC29FB303D0011D694 /* Release */,
			);
			defaultConfigurationIsVisible = 0;
			defaultConfigurationName = Release;
		};
		DE1905BD29FB303D0011D694 /* Build configuration list for PBXNativeTarget "checkVersionApp" */ = {
			isa = XCConfigurationList;
			buildConfigurations = (
				DE1905BE29FB303D0011D694 /* Debug */,
				DE1905BF29FB303D0011D694 /* Release */,
			);
			defaultConfigurationIsVisible = 0;
			defaultConfigurationName = Release;
		};
/* End XCConfigurationList section */
	};
	rootObject = DE1905A129FB303B0011D694 /* Project object */;
}
